// !$*UTF8*$!
{
	archiveVersion = 1;
	classes = {
	};
	objectVersion = 50;
	objects = {

/* Begin PBXBuildFile section */
		AEE553F8210A43150048C0C3 /* AppDelegate.swift in Sources */ = {isa = PBXBuildFile; fileRef = AEE553F7210A43150048C0C3 /* AppDelegate.swift */; };
		AEE553FA210A43150048C0C3 /* ViewController.swift in Sources */ = {isa = PBXBuildFile; fileRef = AEE553F9210A43150048C0C3 /* ViewController.swift */; };
		AEE553FD210A43150048C0C3 /* Main.storyboard in Resources */ = {isa = PBXBuildFile; fileRef = AEE553FB210A43150048C0C3 /* Main.storyboard */; };
		AEE553FF210A43170048C0C3 /* Assets.xcassets in Resources */ = {isa = PBXBuildFile; fileRef = AEE553FE210A43170048C0C3 /* Assets.xcassets */; };
		AEE55402210A43170048C0C3 /* LaunchScreen.storyboard in Resources */ = {isa = PBXBuildFile; fileRef = AEE55400210A43170048C0C3 /* LaunchScreen.storyboard */; };
/* End PBXBuildFile section */

/* Begin PBXFileReference section */
		AEE553F4210A43150048C0C3 /* CrazyDiary.app */ = {isa = PBXFileReference; explicitFileType = wrapper.application; includeInIndex = 0; path = CrazyDiary.app; sourceTree = BUILT_PRODUCTS_DIR; };
		AEE553F7210A43150048C0C3 /* AppDelegate.swift */ = {isa = PBXFileReference; lastKnownFileType = sourcecode.swift; path = AppDelegate.swift; sourceTree = "<group>"; };
		AEE553F9210A43150048C0C3 /* ViewController.swift */ = {isa = PBXFileReference; lastKnownFileType = sourcecode.swift; path = ViewController.swift; sourceTree = "<group>"; };
		AEE553FC210A43150048C0C3 /* Base */ = {isa = PBXFileReference; lastKnownFileType = file.storyboard; name = Base; path = Base.lproj/Main.storyboard; sourceTree = "<group>"; };
		AEE553FE210A43170048C0C3 /* Assets.xcassets */ = {isa = PBXFileReference; lastKnownFileType = folder.assetcatalog; path = Assets.xcassets; sourceTree = "<group>"; };
		AEE55401210A43170048C0C3 /* Base */ = {isa = PBXFileReference; lastKnownFileType = file.storyboard; name = Base; path = Base.lproj/LaunchScreen.storyboard; sourceTree = "<group>"; };
		AEE55403210A43170048C0C3 /* Info.plist */ = {isa = PBXFileReference; lastKnownFileType = text.plist.xml; path = Info.plist; sourceTree = "<group>"; };
/* End PBXFileReference section */

/* Begin PBXFrameworksBuildPhase section */
		AEE553F1210A43150048C0C3 /* Frameworks */ = {
			isa = PBXFrameworksBuildPhase;
			buildActionMask = 2147483647;
			files = (
			);
			runOnlyForDeploymentPostprocessing = 0;
		};
/* End PBXFrameworksBuildPhase section */

/* Begin PBXGroup section */
		AEE553EB210A43150048C0C3 = {
			isa = PBXGroup;
			children = (
				AEE553F6210A43150048C0C3 /* CrazyDiary */,
				AEE553F5210A43150048C0C3 /* Products */,
			);
			sourceTree = "<group>";
		};
		AEE553F5210A43150048C0C3 /* Products */ = {
			isa = PBXGroup;
			children = (
				AEE553F4210A43150048C0C3 /* CrazyDiary.app */,
			);
			name = Products;
			sourceTree = "<group>";
		};
		AEE553F6210A43150048C0C3 /* CrazyDiary */ = {
			isa = PBXGroup;
			children = (
				AEE55409210A43840048C0C3 /* Sources */,
				AEE5540D210A43D50048C0C3 /* Storyboards */,
				AEE5540E210A43FD0048C0C3 /* Resources */,
			);
			path = CrazyDiary;
			sourceTree = "<group>";
		};
		AEE55409210A43840048C0C3 /* Sources */ = {
			isa = PBXGroup;
			children = (
				AEE5540A210A43930048C0C3 /* Views */,
				AEE5540B210A43A70048C0C3 /* Controllers */,
				AEE5540C210A43B60048C0C3 /* Models */,
				AEE5540F210A442D0048C0C3 /* Shared */,
			);
			path = Sources;
			sourceTree = "<group>";
		};
		AEE5540A210A43930048C0C3 /* Views */ = {
			isa = PBXGroup;
			children = (
			);
			path = Views;
			sourceTree = "<group>";
		};
		AEE5540B210A43A70048C0C3 /* Controllers */ = {
			isa = PBXGroup;
			children = (
				AEE553F9210A43150048C0C3 /* ViewController.swift */,
			);
			path = Controllers;
			sourceTree = "<group>";
		};
		AEE5540C210A43B60048C0C3 /* Models */ = {
			isa = PBXGroup;
			children = (
			);
			path = Models;
			sourceTree = "<group>";
		};
		AEE5540D210A43D50048C0C3 /* Storyboards */ = {
			isa = PBXGroup;
			children = (
				AEE55400210A43170048C0C3 /* LaunchScreen.storyboard */,
				AEE553FB210A43150048C0C3 /* Main.storyboard */,
			);
			path = Storyboards;
			sourceTree = "<group>";
		};
		AEE5540E210A43FD0048C0C3 /* Resources */ = {
			isa = PBXGroup;
			children = (
				AEE553FE210A43170048C0C3 /* Assets.xcassets */,
				AEE55403210A43170048C0C3 /* Info.plist */,
			);
			path = Resources;
			sourceTree = "<group>";
		};
		AEE5540F210A442D0048C0C3 /* Shared */ = {
			isa = PBXGroup;
			children = (
				AEE553F7210A43150048C0C3 /* AppDelegate.swift */,
			);
			path = Shared;
			sourceTree = "<group>";
		};
/* End PBXGroup section */

/* Begin PBXNativeTarget section */
		AEE553F3210A43150048C0C3 /* CrazyDiary */ = {
			isa = PBXNativeTarget;
			buildConfigurationList = AEE55406210A43170048C0C3 /* Build configuration list for PBXNativeTarget "CrazyDiary" */;
			buildPhases = (
				AEE553F0210A43150048C0C3 /* Sources */,
				AEE553F1210A43150048C0C3 /* Frameworks */,
				AEE553F2210A43150048C0C3 /* Resources */,
			);
			buildRules = (
			);
			dependencies = (
			);
			name = CrazyDiary;
			productName = CrazyDiary;
			productReference = AEE553F4210A43150048C0C3 /* CrazyDiary.app */;
			productType = "com.apple.product-type.application";
		};
/* End PBXNativeTarget section */

/* Begin PBXProject section */
		AEE553EC210A43150048C0C3 /* Project object */ = {
			isa = PBXProject;
			attributes = {
				LastSwiftUpdateCheck = 0940;
				LastUpgradeCheck = 0940;
				ORGANIZATIONNAME = "Crazy Up Inc.";
				TargetAttributes = {
					AEE553F3210A43150048C0C3 = {
						CreatedOnToolsVersion = 9.4.1;
					};
				};
			};
			buildConfigurationList = AEE553EF210A43150048C0C3 /* Build configuration list for PBXProject "CrazyDiary" */;
			compatibilityVersion = "Xcode 9.3";
			developmentRegion = en;
			hasScannedForEncodings = 0;
			knownRegions = (
				en,
				Base,
			);
			mainGroup = AEE553EB210A43150048C0C3;
			productRefGroup = AEE553F5210A43150048C0C3 /* Products */;
			projectDirPath = "";
			projectRoot = "";
			targets = (
				AEE553F3210A43150048C0C3 /* CrazyDiary */,
			);
		};
/* End PBXProject section */

/* Begin PBXResourcesBuildPhase section */
		AEE553F2210A43150048C0C3 /* Resources */ = {
			isa = PBXResourcesBuildPhase;
			buildActionMask = 2147483647;
			files = (
				AEE55402210A43170048C0C3 /* LaunchScreen.storyboard in Resources */,
				AEE553FF210A43170048C0C3 /* Assets.xcassets in Resources */,
				AEE553FD210A43150048C0C3 /* Main.storyboard in Resources */,
			);
			runOnlyForDeploymentPostprocessing = 0;
		};
/* End PBXResourcesBuildPhase section */

/* Begin PBXSourcesBuildPhase section */
		AEE553F0210A43150048C0C3 /* Sources */ = {
			isa = PBXSourcesBuildPhase;
			buildActionMask = 2147483647;
			files = (
				AEE553FA210A43150048C0C3 /* ViewController.swift in Sources */,
				AEE553F8210A43150048C0C3 /* AppDelegate.swift in Sources */,
			);
			runOnlyForDeploymentPostprocessing = 0;
		};
/* End PBXSourcesBuildPhase section */

/* Begin PBXVariantGroup section */
		AEE553FB210A43150048C0C3 /* Main.storyboard */ = {
			isa = PBXVariantGroup;
			children = (
				AEE553FC210A43150048C0C3 /* Base */,
			);
			name = Main.storyboard;
			sourceTree = "<group>";
		};
		AEE55400210A43170048C0C3 /* LaunchScreen.storyboard */ = {
			isa = PBXVariantGroup;
			children = (
				AEE55401210A43170048C0C3 /* Base */,
			);
			name = LaunchScreen.storyboard;
			sourceTree = "<group>";
		};
/* End PBXVariantGroup section */

/* Begin XCBuildConfiguration section */
		AEE55404210A43170048C0C3 /* Debug */ = {
			isa = XCBuildConfiguration;
			buildSettings = {
				ALWAYS_SEARCH_USER_PATHS = NO;
				CLANG_ANALYZER_NONNULL = YES;
				CLANG_ANALYZER_NUMBER_OBJECT_CONVERSION = YES_AGGRESSIVE;
				CLANG_CXX_LANGUAGE_STANDARD = "gnu++14";
				CLANG_CXX_LIBRARY = "libc++";
				CLANG_ENABLE_MODULES = YES;
				CLANG_ENABLE_OBJC_ARC = YES;
				CLANG_ENABLE_OBJC_WEAK = YES;
				CLANG_WARN_BLOCK_CAPTURE_AUTORELEASING = YES;
				CLANG_WARN_BOOL_CONVERSION = YES;
				CLANG_WARN_COMMA = YES;
				CLANG_WARN_CONSTANT_CONVERSION = YES;
				CLANG_WARN_DEPRECATED_OBJC_IMPLEMENTATIONS = YES;
				CLANG_WARN_DIRECT_OBJC_ISA_USAGE = YES_ERROR;
				CLANG_WARN_DOCUMENTATION_COMMENTS = YES;
				CLANG_WARN_EMPTY_BODY = YES;
				CLANG_WARN_ENUM_CONVERSION = YES;
				CLANG_WARN_INFINITE_RECURSION = YES;
				CLANG_WARN_INT_CONVERSION = YES;
				CLANG_WARN_NON_LITERAL_NULL_CONVERSION = YES;
				CLANG_WARN_OBJC_IMPLICIT_RETAIN_SELF = YES;
				CLANG_WARN_OBJC_LITERAL_CONVERSION = YES;
				CLANG_WARN_OBJC_ROOT_CLASS = YES_ERROR;
				CLANG_WARN_RANGE_LOOP_ANALYSIS = YES;
				CLANG_WARN_STRICT_PROTOTYPES = YES;
				CLANG_WARN_SUSPICIOUS_MOVE = YES;
				CLANG_WARN_UNGUARDED_AVAILABILITY = YES_AGGRESSIVE;
				CLANG_WARN_UNREACHABLE_CODE = YES;
				CLANG_WARN__DUPLICATE_METHOD_MATCH = YES;
				CODE_SIGN_IDENTITY = "iPhone Developer";
				COPY_PHASE_STRIP = NO;
				DEBUG_INFORMATION_FORMAT = dwarf;
				ENABLE_STRICT_OBJC_MSGSEND = YES;
				ENABLE_TESTABILITY = YES;
				GCC_C_LANGUAGE_STANDARD = gnu11;
				GCC_DYNAMIC_NO_PIC = NO;
				GCC_NO_COMMON_BLOCKS = YES;
				GCC_OPTIMIZATION_LEVEL = 0;
				GCC_PREPROCESSOR_DEFINITIONS = (
					"DEBUG=1",
					"$(inherited)",
				);
				GCC_WARN_64_TO_32_BIT_CONVERSION = YES;
				GCC_WARN_ABOUT_RETURN_TYPE = YES_ERROR;
				GCC_WARN_UNDECLARED_SELECTOR = YES;
				GCC_WARN_UNINITIALIZED_AUTOS = YES_AGGRESSIVE;
				GCC_WARN_UNUSED_FUNCTION = YES;
				GCC_WARN_UNUSED_VARIABLE = YES;
				IPHONEOS_DEPLOYMENT_TARGET = 11.4;
				MTL_ENABLE_DEBUG_INFO = YES;
				ONLY_ACTIVE_ARCH = YES;
				SDKROOT = iphoneos;
				SWIFT_ACTIVE_COMPILATION_CONDITIONS = DEBUG;
				SWIFT_OPTIMIZATION_LEVEL = "-Onone";
			};
			name = Debug;
		};
		AEE55405210A43170048C0C3 /* Release */ = {
			isa = XCBuildConfiguration;
			buildSettings = {
				ALWAYS_SEARCH_USER_PATHS = NO;
				CLANG_ANALYZER_NONNULL = YES;
				CLANG_ANALYZER_NUMBER_OBJECT_CONVERSION = YES_AGGRESSIVE;
				CLANG_CXX_LANGUAGE_STANDARD = "gnu++14";
				CLANG_CXX_LIBRARY = "libc++";
				CLANG_ENABLE_MODULES = YES;
				CLANG_ENABLE_OBJC_ARC = YES;
				CLANG_ENABLE_OBJC_WEAK = YES;
				CLANG_WARN_BLOCK_CAPTURE_AUTORELEASING = YES;
				CLANG_WARN_BOOL_CONVERSION = YES;
				CLANG_WARN_COMMA = YES;
				CLANG_WARN_CONSTANT_CONVERSION = YES;
				CLANG_WARN_DEPRECATED_OBJC_IMPLEMENTATIONS = YES;
				CLANG_WARN_DIRECT_OBJC_ISA_USAGE = YES_ERROR;
				CLANG_WARN_DOCUMENTATION_COMMENTS = YES;
				CLANG_WARN_EMPTY_BODY = YES;
				CLANG_WARN_ENUM_CONVERSION = YES;
				CLANG_WARN_INFINITE_RECURSION = YES;
				CLANG_WARN_INT_CONVERSION = YES;
				CLANG_WARN_NON_LITERAL_NULL_CONVERSION = YES;
				CLANG_WARN_OBJC_IMPLICIT_RETAIN_SELF = YES;
				CLANG_WARN_OBJC_LITERAL_CONVERSION = YES;
				CLANG_WARN_OBJC_ROOT_CLASS = YES_ERROR;
				CLANG_WARN_RANGE_LOOP_ANALYSIS = YES;
				CLANG_WARN_STRICT_PROTOTYPES = YES;
				CLANG_WARN_SUSPICIOUS_MOVE = YES;
				CLANG_WARN_UNGUARDED_AVAILABILITY = YES_AGGRESSIVE;
				CLANG_WARN_UNREACHABLE_CODE = YES;
				CLANG_WARN__DUPLICATE_METHOD_MATCH = YES;
				CODE_SIGN_IDENTITY = "iPhone Developer";
				COPY_PHASE_STRIP = NO;
				DEBUG_INFORMATION_FORMAT = "dwarf-with-dsym";
				ENABLE_NS_ASSERTIONS = NO;
				ENABLE_STRICT_OBJC_MSGSEND = YES;
				GCC_C_LANGUAGE_STANDARD = gnu11;
				GCC_NO_COMMON_BLOCKS = YES;
				GCC_WARN_64_TO_32_BIT_CONVERSION = YES;
				GCC_WARN_ABOUT_RETURN_TYPE = YES_ERROR;
				GCC_WARN_UNDECLARED_SELECTOR = YES;
				GCC_WARN_UNINITIALIZED_AUTOS = YES_AGGRESSIVE;
				GCC_WARN_UNUSED_FUNCTION = YES;
				GCC_WARN_UNUSED_VARIABLE = YES;
				IPHONEOS_DEPLOYMENT_TARGET = 11.4;
				MTL_ENABLE_DEBUG_INFO = NO;
				SDKROOT = iphoneos;
				SWIFT_COMPILATION_MODE = wholemodule;
				SWIFT_OPTIMIZATION_LEVEL = "-O";
				VALIDATE_PRODUCT = YES;
			};
			name = Release;
		};
		AEE55407210A43170048C0C3 /* Debug */ = {
			isa = XCBuildConfiguration;
			buildSettings = {
				ASSETCATALOG_COMPILER_APPICON_NAME = AppIcon;
				CODE_SIGN_STYLE = Automatic;
				DEVELOPMENT_TEAM = 53VC8VKZ77;
				INFOPLIST_FILE = "$(SRCROOT)/CrazyDiary/Resources/Info.plist";
				LD_RUNPATH_SEARCH_PATHS = (
					"$(inherited)",
					"@executable_path/Frameworks",
				);
				PRODUCT_BUNDLE_IDENTIFIER = com.crazyupinc.app.CrazyDiary;
				PRODUCT_NAME = "$(TARGET_NAME)";
				SWIFT_VERSION = 4.0;
				TARGETED_DEVICE_FAMILY = "1,2";
			};
			name = Debug;
		};
		AEE55408210A43170048C0C3 /* Release */ = {
			isa = XCBuildConfiguration;
			buildSettings = {
				ASSETCATALOG_COMPILER_APPICON_NAME = AppIcon;
				CODE_SIGN_STYLE = Automatic;
				DEVELOPMENT_TEAM = 53VC8VKZ77;
				INFOPLIST_FILE = "$(SRCROOT)/CrazyDiary/Resources/Info.plist";
				LD_RUNPATH_SEARCH_PATHS = (
					"$(inherited)",
					"@executable_path/Frameworks",
				);
				PRODUCT_BUNDLE_IDENTIFIER = com.crazyupinc.app.CrazyDiary;
				PRODUCT_NAME = "$(TARGET_NAME)";
				SWIFT_VERSION = 4.0;
				TARGETED_DEVICE_FAMILY = "1,2";
			};
			name = Release;
		};
/* End XCBuildConfiguration section */

/* Begin XCConfigurationList section */
		AEE553EF210A43150048C0C3 /* Build configuration list for PBXProject "CrazyDiary" */ = {
			isa = XCConfigurationList;
			buildConfigurations = (
				AEE55404210A43170048C0C3 /* Debug */,
				AEE55405210A43170048C0C3 /* Release */,
			);
			defaultConfigurationIsVisible = 0;
			defaultConfigurationName = Release;
		};
		AEE55406210A43170048C0C3 /* Build configuration list for PBXNativeTarget "CrazyDiary" */ = {
			isa = XCConfigurationList;
			buildConfigurations = (
				AEE55407210A43170048C0C3 /* Debug */,
				AEE55408210A43170048C0C3 /* Release */,
			);
			defaultConfigurationIsVisible = 0;
			defaultConfigurationName = Release;
		};
/* End XCConfigurationList section */
	};
	rootObject = AEE553EC210A43150048C0C3 /* Project object */;
}
